
Microsoft Visual Studio Solution File, Format Version 12.00
# Visual Studio 15
VisualStudioVersion = 15.0.26730.15
MinimumVisualStudioVersion = 10.0.40219.1
Project("{8BC9CEB8-8B4A-11D0-8D11-00A0C91BC942}") = "ADS_Lab6", "ADS_Lab6\ADS_Lab6.vcxproj", "{46609012-06E0-4308-A938-B93DC89D7D28}"
EndProject
Global
	GlobalSection(SolutionConfigurationPlatforms) = preSolution
		Debug|x64 = Debug|x64
		Debug|x86 = Debug|x86
		Release|x64 = Release|x64
		Release|x86 = Release|x86
	EndGlobalSection
	GlobalSection(ProjectConfigurationPlatforms) = postSolution
		{46609012-06E0-4308-A938-B93DC89D7D28}.Debug|x64.ActiveCfg = Debug|x64
		{46609012-06E0-4308-A938-B93DC89D7D28}.Debug|x64.Build.0 = Debug|x64
		{46609012-06E0-4308-A938-B93DC89D7D28}.Debug|x86.ActiveCfg = Debug|Win32
		{46609012-06E0-4308-A938-B93DC89D7D28}.Debug|x86.Build.0 = Debug|Win32
		{46609012-06E0-4308-A938-B93DC89D7D28}.Release|x64.ActiveCfg = Release|x64
		{46609012-06E0-4308-A938-B93DC89D7D28}.Release|x64.Build.0 = Release|x64
		{46609012-06E0-4308-A938-B93DC89D7D28}.Release|x86.ActiveCfg = Release|Win32
		{46609012-06E0-4308-A938-B93DC89D7D28}.Release|x86.Build.0 = Release|Win32
	EndGlobalSection
	GlobalSection(SolutionProperties) = preSolution
		HideSolutionNode = FALSE
	EndGlobalSection
	GlobalSection(ExtensibilityGlobals) = postSolution
		SolutionGuid = {611279CB-A203-4E03-B3EB-B58401613590}
	EndGlobalSection
EndGlobal
